// !$*UTF8*$!
{
	archiveVersion = 1;
	classes = {
	};
	objectVersion = 77;
	objects = {

/* Begin PBXBuildFile section */
		0456BBCF33A87C9BBDD2440A /* ArrowTickerView.swift in Sources */ = {isa = PBXBuildFile; fileRef = E39B8567D8CA8B1BC2120FF2 /* ArrowTickerView.swift */; };
		04CC6DD0C379B18680622E17 /* OpenAIUsageFetcher.swift in Sources */ = {isa = PBXBuildFile; fileRef = 501987241AF4B13BD9548CD5 /* OpenAIUsageFetcher.swift */; };
		A1B2C3D4E5F60001 /* CodexUsageFetcher.swift in Sources */ = {isa = PBXBuildFile; fileRef = A1B2C3D4E5F60002 /* CodexUsageFetcher.swift */; };
		062B7F92613C3D752155D204 /* AntigravityMonitor.swift in Sources */ = {isa = PBXBuildFile; fileRef = 7495886DA6789ADCFB619BA5 /* AntigravityMonitor.swift */; };
		0B3BE6F7AB8A744E42C05CEA /* ProviderModels.swift in Sources */ = {isa = PBXBuildFile; fileRef = 0A1887D39548E5BA6421CCDE /* ProviderModels.swift */; };
		1C57FE4BBC7ECAD7F6316532 /* NotchWindowGeometryTests.swift in Sources */ = {isa = PBXBuildFile; fileRef = 7F039CEB87EA876288574015 /* NotchWindowGeometryTests.swift */; };
		214C0937CF2DD66F2DEE2803 /* ChatGPTDesktopMonitor.swift in Sources */ = {isa = PBXBuildFile; fileRef = D95C3B30EC26F34A54E0999F /* ChatGPTDesktopMonitor.swift */; };
		21BC86263F4EE4522CB09799 /* StatusMenuController.swift in Sources */ = {isa = PBXBuildFile; fileRef = 509550AE33EF92CFBCF1CC24 /* StatusMenuController.swift */; };
		2368EE8520D4EC4D8ACAAF7A /* CodexMonitor.swift in Sources */ = {isa = PBXBuildFile; fileRef = 856156A9648007819F8071AC /* CodexMonitor.swift */; };
		2A41C73411A10E868BB0CAC2 /* AppSettings.swift in Sources */ = {isa = PBXBuildFile; fileRef = 72A0E19B59A2612ADE10BA1D /* AppSettings.swift */; };
		2D1EC2A00FB93DE39431D8BE /* NotchGlowBorder.swift in Sources */ = {isa = PBXBuildFile; fileRef = 1EFE822A17E2BCB71B37157A /* NotchGlowBorder.swift */; };
		2EA02D5A4154EF147D96B3D3 /* antigravity-mono.svg in Resources */ = {isa = PBXBuildFile; fileRef = 7FAE47BF2589132EE5CF56E1 /* antigravity-mono.svg */; };
		369ED1E392CCC9D70C9DABC1 /* ProviderAuthManager.swift in Sources */ = {isa = PBXBuildFile; fileRef = FF4EA0210E889D874E7AAD5B /* ProviderAuthManager.swift */; };
		396E778C48EF1E900FD2DCB4 /* ProviderRegistry.swift in Sources */ = {isa = PBXBuildFile; fileRef = 8EC83C0935570F2F9444BB62 /* ProviderRegistry.swift */; };
		3D2D29DAC61AB2A1CB0029FD /* NotchRootView.swift in Sources */ = {isa = PBXBuildFile; fileRef = 82FA93CC51E0FC3A5989882C /* NotchRootView.swift */; };
		44D4DE071DE28D36818B4047 /* ConnectionWindow.swift in Sources */ = {isa = PBXBuildFile; fileRef = 8693DC56EFB0C0F195B69726 /* ConnectionWindow.swift */; };
		4806074868848FEAE7DC5CE7 /* BudgetModels.swift in Sources */ = {isa = PBXBuildFile; fileRef = AC4E59AC637E884E1C5C18C0 /* BudgetModels.swift */; };
		4E755B7A38A4C2B27AB9A053 /* openai-mono.svg in Resources */ = {isa = PBXBuildFile; fileRef = E2F4BEC99C394A6002AB460C /* openai-mono.svg */; };
		4F12AED0BC9184B8913D56E2 /* CursorMonitor.swift in Sources */ = {isa = PBXBuildFile; fileRef = BA6E6FB9A0DCA9E5DF76CD4F /* CursorMonitor.swift */; };
		60F71CA6A2E21ED3AABD8357 /* NotchWindow.swift in Sources */ = {isa = PBXBuildFile; fileRef = CE7D8D5DA89FE486ADF4B218 /* NotchWindow.swift */; };
		61932BFA2FC6C547E3DEF7D6 /* codex-mono.svg in Resources */ = {isa = PBXBuildFile; fileRef = 865A3620C5748C7427B6A5DA /* codex-mono.svg */; };
		83A0909B2C307FB33ED977A5 /* claude-mono.svg in Resources */ = {isa = PBXBuildFile; fileRef = 31231A546DCEC33B5915CF2E /* claude-mono.svg */; };
		852EA86C806542D9B8845984 /* TrackNotchApp.swift in Sources */ = {isa = PBXBuildFile; fileRef = B9F42D366CC7C5118C77BCC7 /* TrackNotchApp.swift */; };
		8DDBE3044336697EEE1E383C /* google-mono.svg in Resources */ = {isa = PBXBuildFile; fileRef = 74C7AE8194D2DF8058456605 /* google-mono.svg */; };
		8EBC2DC758848AD81AA0AEB8 /* AnthropicUsageFetcher.swift in Sources */ = {isa = PBXBuildFile; fileRef = 309F462F2671EBD28C2AF1B3 /* AnthropicUsageFetcher.swift */; };
		962FFE94EB47695E0EFF53B0 /* DropdownFramePreference.swift in Sources */ = {isa = PBXBuildFile; fileRef = 8254991215916B3450702F67 /* DropdownFramePreference.swift */; };
		B4AA3CEB87060E70E1359A94 /* ProviderRegistryLingerTests.swift in Sources */ = {isa = PBXBuildFile; fileRef = 3E5CAD933E95E643D7B3C986 /* ProviderRegistryLingerTests.swift */; };
		B558FBBAC1232D5CAF74D57D /* ProviderIconView.swift in Sources */ = {isa = PBXBuildFile; fileRef = 9A2A3BFC73967367A942139C /* ProviderIconView.swift */; };
		B6753A7D935991332A91869B /* NotchModeDetectionTests.swift in Sources */ = {isa = PBXBuildFile; fileRef = F8BFD8708F34AB389DF4AA6C /* NotchModeDetectionTests.swift */; };
		BA9E04A0BD693A18438E1E8D /* AppVersion.swift in Sources */ = {isa = PBXBuildFile; fileRef = BB9F4AA1881C4F377A8709B5 /* AppVersion.swift */; };
		BBDF7FFC819D31A1720689A9 /* ExternalMonitorView.swift in Sources */ = {isa = PBXBuildFile; fileRef = 595A7639BF25760362DFB470 /* ExternalMonitorView.swift */; };
		BBF72168B43D0F13D7872899 /* PhosphorSwift in Frameworks */ = {isa = PBXBuildFile; productRef = EBCA01764657C499EF2D0F62 /* PhosphorSwift */; };
		BC6A915F378459C1F7421D84 /* SettingsView.swift in Sources */ = {isa = PBXBuildFile; fileRef = 57F76FEE333C198E08C16DBA /* SettingsView.swift */; };
		BD620936B326771D126630CA /* PillGeometry.swift in Sources */ = {isa = PBXBuildFile; fileRef = 3D10DA3D2E69CC73A6BBF7F3 /* PillGeometry.swift */; };
		BDCA689234FDA1CC45CE07F4 /* AppDelegate.swift in Sources */ = {isa = PBXBuildFile; fileRef = F82CD021E43F00C2021D404E /* AppDelegate.swift */; };
		CE1327848777DF5F805B223E /* NotchShape.swift in Sources */ = {isa = PBXBuildFile; fileRef = 24077CCFB005D1BE14C4316C /* NotchShape.swift */; };
		D3E7F27B8E569C2FA6AABB93 /* Assets.xcassets in Resources */ = {isa = PBXBuildFile; fileRef = 14BD1E1B5EA6315EACB1D4F9 /* Assets.xcassets */; };
		D4182E758C4643C5D4F8BDD9 /* ClaudeCodeMonitor.swift in Sources */ = {isa = PBXBuildFile; fileRef = C0CE90F73F315B839299F173 /* ClaudeCodeMonitor.swift */; };
		D5449F940B5FDD239E8B6DF1 /* BudgetManagerTests.swift in Sources */ = {isa = PBXBuildFile; fileRef = 8F5D57AF1A69990856D04B43 /* BudgetManagerTests.swift */; };
		D8D7E7F91B2F9D16B33ED5CB /* DropdownPanelView.swift in Sources */ = {isa = PBXBuildFile; fileRef = 0C0617F68D2C7576FCDC66B0 /* DropdownPanelView.swift */; };
		DB81829EE51EE886125CAEA3 /* TNLog.swift in Sources */ = {isa = PBXBuildFile; fileRef = 947105B77792F54DCE5B1B1F /* TNLog.swift */; };
		E029ACA7B811DD9076B7CB38 /* ProviderConnectionView.swift in Sources */ = {isa = PBXBuildFile; fileRef = FC6C26B0285405FE3889855E /* ProviderConnectionView.swift */; };
		E95F04690427E5D41DFF96BD /* DisplayCoordinator.swift in Sources */ = {isa = PBXBuildFile; fileRef = 9FC79ED473A294F3FB8035B2 /* DisplayCoordinator.swift */; };
		EB6725A39FB50A75D84F12F9 /* NotchMode.swift in Sources */ = {isa = PBXBuildFile; fileRef = E44917DBCCE4D9F1F41EA129 /* NotchMode.swift */; };
		F078E36273F2441371AC03C5 /* ClaudeRateLimitFetcher.swift in Sources */ = {isa = PBXBuildFile; fileRef = 532498744932436CCDCC4427 /* ClaudeRateLimitFetcher.swift */; };
		F1236A198448F5F3D2FE49A0 /* ProviderModelsTests.swift in Sources */ = {isa = PBXBuildFile; fileRef = 5019DA62456EB47F6DA0F562 /* ProviderModelsTests.swift */; };
		F8CC3A5E2066B70082AF5402 /* cursor-mono.svg in Resources */ = {isa = PBXBuildFile; fileRef = 4757D468E8CF3A2038BAE643 /* cursor-mono.svg */; };
/* End PBXBuildFile section */

/* Begin PBXContainerItemProxy section */
		7B69DDA96E472662E3665F8E /* PBXContainerItemProxy */ = {
			isa = PBXContainerItemProxy;
			containerPortal = E983E1B43FDB4683D0536621 /* Project object */;
			proxyType = 1;
			remoteGlobalIDString = 378EF1FAA2475FF5DB429B5B;
			remoteInfo = TrackNotch;
		};
/* End PBXContainerItemProxy section */

/* Begin PBXFileReference section */
		0A1887D39548E5BA6421CCDE /* ProviderModels.swift */ = {isa = PBXFileReference; lastKnownFileType = sourcecode.swift; path = ProviderModels.swift; sourceTree = "<group>"; };
		0C0617F68D2C7576FCDC66B0 /* DropdownPanelView.swift */ = {isa = PBXFileReference; lastKnownFileType = sourcecode.swift; path = DropdownPanelView.swift; sourceTree = "<group>"; };
		14BD1E1B5EA6315EACB1D4F9 /* Assets.xcassets */ = {isa = PBXFileReference; lastKnownFileType = folder.assetcatalog; path = Assets.xcassets; sourceTree = "<group>"; };
		1EFE822A17E2BCB71B37157A /* NotchGlowBorder.swift */ = {isa = PBXFileReference; lastKnownFileType = sourcecode.swift; path = NotchGlowBorder.swift; sourceTree = "<group>"; };
		24077CCFB005D1BE14C4316C /* NotchShape.swift */ = {isa = PBXFileReference; lastKnownFileType = sourcecode.swift; path = NotchShape.swift; sourceTree = "<group>"; };
		309F462F2671EBD28C2AF1B3 /* AnthropicUsageFetcher.swift */ = {isa = PBXFileReference; lastKnownFileType = sourcecode.swift; path = AnthropicUsageFetcher.swift; sourceTree = "<group>"; };
		31231A546DCEC33B5915CF2E /* claude-mono.svg */ = {isa = PBXFileReference; path = "claude-mono.svg"; sourceTree = "<group>"; };
		3D10DA3D2E69CC73A6BBF7F3 /* PillGeometry.swift */ = {isa = PBXFileReference; lastKnownFileType = sourcecode.swift; path = PillGeometry.swift; sourceTree = "<group>"; };
		3E5CAD933E95E643D7B3C986 /* ProviderRegistryLingerTests.swift */ = {isa = PBXFileReference; lastKnownFileType = sourcecode.swift; path = ProviderRegistryLingerTests.swift; sourceTree = "<group>"; };
		4757D468E8CF3A2038BAE643 /* cursor-mono.svg */ = {isa = PBXFileReference; path = "cursor-mono.svg"; sourceTree = "<group>"; };
		501987241AF4B13BD9548CD5 /* OpenAIUsageFetcher.swift */ = {isa = PBXFileReference; lastKnownFileType = sourcecode.swift; path = OpenAIUsageFetcher.swift; sourceTree = "<group>"; };
		A1B2C3D4E5F60002 /* CodexUsageFetcher.swift */ = {isa = PBXFileReference; lastKnownFileType = sourcecode.swift; path = CodexUsageFetcher.swift; sourceTree = "<group>"; };
		5019DA62456EB47F6DA0F562 /* ProviderModelsTests.swift */ = {isa = PBXFileReference; lastKnownFileType = sourcecode.swift; path = ProviderModelsTests.swift; sourceTree = "<group>"; };
		509550AE33EF92CFBCF1CC24 /* StatusMenuController.swift */ = {isa = PBXFileReference; lastKnownFileType = sourcecode.swift; path = StatusMenuController.swift; sourceTree = "<group>"; };
		532498744932436CCDCC4427 /* ClaudeRateLimitFetcher.swift */ = {isa = PBXFileReference; lastKnownFileType = sourcecode.swift; path = ClaudeRateLimitFetcher.swift; sourceTree = "<group>"; };
		57F76FEE333C198E08C16DBA /* SettingsView.swift */ = {isa = PBXFileReference; lastKnownFileType = sourcecode.swift; path = SettingsView.swift; sourceTree = "<group>"; };
		595A7639BF25760362DFB470 /* ExternalMonitorView.swift */ = {isa = PBXFileReference; lastKnownFileType = sourcecode.swift; path = ExternalMonitorView.swift; sourceTree = "<group>"; };
		68C2E0093D64D1787090C569 /* TrackNotch.entitlements */ = {isa = PBXFileReference; lastKnownFileType = text.plist.entitlements; path = TrackNotch.entitlements; sourceTree = "<group>"; };
		72A0E19B59A2612ADE10BA1D /* AppSettings.swift */ = {isa = PBXFileReference; lastKnownFileType = sourcecode.swift; path = AppSettings.swift; sourceTree = "<group>"; };
		7495886DA6789ADCFB619BA5 /* AntigravityMonitor.swift */ = {isa = PBXFileReference; lastKnownFileType = sourcecode.swift; path = AntigravityMonitor.swift; sourceTree = "<group>"; };
		74C7AE8194D2DF8058456605 /* google-mono.svg */ = {isa = PBXFileReference; path = "google-mono.svg"; sourceTree = "<group>"; };
		7F039CEB87EA876288574015 /* NotchWindowGeometryTests.swift */ = {isa = PBXFileReference; lastKnownFileType = sourcecode.swift; path = NotchWindowGeometryTests.swift; sourceTree = "<group>"; };
		7FAE47BF2589132EE5CF56E1 /* antigravity-mono.svg */ = {isa = PBXFileReference; path = "antigravity-mono.svg"; sourceTree = "<group>"; };
		8254991215916B3450702F67 /* DropdownFramePreference.swift */ = {isa = PBXFileReference; lastKnownFileType = sourcecode.swift; path = DropdownFramePreference.swift; sourceTree = "<group>"; };
		82FA93CC51E0FC3A5989882C /* NotchRootView.swift */ = {isa = PBXFileReference; lastKnownFileType = sourcecode.swift; path = NotchRootView.swift; sourceTree = "<group>"; };
		856156A9648007819F8071AC /* CodexMonitor.swift */ = {isa = PBXFileReference; lastKnownFileType = sourcecode.swift; path = CodexMonitor.swift; sourceTree = "<group>"; };
		865A3620C5748C7427B6A5DA /* codex-mono.svg */ = {isa = PBXFileReference; path = "codex-mono.svg"; sourceTree = "<group>"; };
		8693DC56EFB0C0F195B69726 /* ConnectionWindow.swift */ = {isa = PBXFileReference; lastKnownFileType = sourcecode.swift; path = ConnectionWindow.swift; sourceTree = "<group>"; };
		8EC83C0935570F2F9444BB62 /* ProviderRegistry.swift */ = {isa = PBXFileReference; lastKnownFileType = sourcecode.swift; path = ProviderRegistry.swift; sourceTree = "<group>"; };
		8F5D57AF1A69990856D04B43 /* BudgetManagerTests.swift */ = {isa = PBXFileReference; lastKnownFileType = sourcecode.swift; path = BudgetManagerTests.swift; sourceTree = "<group>"; };
		947105B77792F54DCE5B1B1F /* TNLog.swift */ = {isa = PBXFileReference; lastKnownFileType = sourcecode.swift; path = TNLog.swift; sourceTree = "<group>"; };
		9A2A3BFC73967367A942139C /* ProviderIconView.swift */ = {isa = PBXFileReference; lastKnownFileType = sourcecode.swift; path = ProviderIconView.swift; sourceTree = "<group>"; };
		9FC79ED473A294F3FB8035B2 /* DisplayCoordinator.swift */ = {isa = PBXFileReference; lastKnownFileType = sourcecode.swift; path = DisplayCoordinator.swift; sourceTree = "<group>"; };
		A06C7C6B4FFE85EEBB113D54 /* Info.plist */ = {isa = PBXFileReference; lastKnownFileType = text.plist; path = Info.plist; sourceTree = "<group>"; };
		A7E0D8D29F8ED7870949B46E /* TrackNotchTests.xctest */ = {isa = PBXFileReference; explicitFileType = wrapper.cfbundle; includeInIndex = 0; path = TrackNotchTests.xctest; sourceTree = BUILT_PRODUCTS_DIR; };
		AC4E59AC637E884E1C5C18C0 /* BudgetModels.swift */ = {isa = PBXFileReference; lastKnownFileType = sourcecode.swift; path = BudgetModels.swift; sourceTree = "<group>"; };
		B9F42D366CC7C5118C77BCC7 /* TrackNotchApp.swift */ = {isa = PBXFileReference; lastKnownFileType = sourcecode.swift; path = TrackNotchApp.swift; sourceTree = "<group>"; };
		BA6E6FB9A0DCA9E5DF76CD4F /* CursorMonitor.swift */ = {isa = PBXFileReference; lastKnownFileType = sourcecode.swift; path = CursorMonitor.swift; sourceTree = "<group>"; };
		BB9F4AA1881C4F377A8709B5 /* AppVersion.swift */ = {isa = PBXFileReference; lastKnownFileType = sourcecode.swift; path = AppVersion.swift; sourceTree = "<group>"; };
		C0CE90F73F315B839299F173 /* ClaudeCodeMonitor.swift */ = {isa = PBXFileReference; lastKnownFileType = sourcecode.swift; path = ClaudeCodeMonitor.swift; sourceTree = "<group>"; };
		CE7D8D5DA89FE486ADF4B218 /* NotchWindow.swift */ = {isa = PBXFileReference; lastKnownFileType = sourcecode.swift; path = NotchWindow.swift; sourceTree = "<group>"; };
		D6928165FA886AE9AC9F9840 /* TrackNotch.app */ = {isa = PBXFileReference; explicitFileType = wrapper.application; includeInIndex = 0; path = TrackNotch.app; sourceTree = BUILT_PRODUCTS_DIR; };
		D95C3B30EC26F34A54E0999F /* ChatGPTDesktopMonitor.swift */ = {isa = PBXFileReference; lastKnownFileType = sourcecode.swift; path = ChatGPTDesktopMonitor.swift; sourceTree = "<group>"; };
		E2F4BEC99C394A6002AB460C /* openai-mono.svg */ = {isa = PBXFileReference; path = "openai-mono.svg"; sourceTree = "<group>"; };
		E39B8567D8CA8B1BC2120FF2 /* ArrowTickerView.swift */ = {isa = PBXFileReference; lastKnownFileType = sourcecode.swift; path = ArrowTickerView.swift; sourceTree = "<group>"; };
		E44917DBCCE4D9F1F41EA129 /* NotchMode.swift */ = {isa = PBXFileReference; lastKnownFileType = sourcecode.swift; path = NotchMode.swift; sourceTree = "<group>"; };
		F82CD021E43F00C2021D404E /* AppDelegate.swift */ = {isa = PBXFileReference; lastKnownFileType = sourcecode.swift; path = AppDelegate.swift; sourceTree = "<group>"; };
		F8BFD8708F34AB389DF4AA6C /* NotchModeDetectionTests.swift */ = {isa = PBXFileReference; lastKnownFileType = sourcecode.swift; path = NotchModeDetectionTests.swift; sourceTree = "<group>"; };
		FC6C26B0285405FE3889855E /* ProviderConnectionView.swift */ = {isa = PBXFileReference; lastKnownFileType = sourcecode.swift; path = ProviderConnectionView.swift; sourceTree = "<group>"; };
		FF4EA0210E889D874E7AAD5B /* ProviderAuthManager.swift */ = {isa = PBXFileReference; lastKnownFileType = sourcecode.swift; path = ProviderAuthManager.swift; sourceTree = "<group>"; };
/* End PBXFileReference section */

/* Begin PBXFrameworksBuildPhase section */
		6081125CEA5E181631930755 /* Frameworks */ = {
			isa = PBXFrameworksBuildPhase;
			buildActionMask = 2147483647;
			files = (
				BBF72168B43D0F13D7872899 /* PhosphorSwift in Frameworks */,
			);
			runOnlyForDeploymentPostprocessing = 0;
		};
/* End PBXFrameworksBuildPhase section */

/* Begin PBXGroup section */
		04DC8FCC4D743E3EEDF01CC3 /* Monitors */ = {
			isa = PBXGroup;
			children = (
				7495886DA6789ADCFB619BA5 /* AntigravityMonitor.swift */,
				D95C3B30EC26F34A54E0999F /* ChatGPTDesktopMonitor.swift */,
				C0CE90F73F315B839299F173 /* ClaudeCodeMonitor.swift */,
				856156A9648007819F8071AC /* CodexMonitor.swift */,
				BA6E6FB9A0DCA9E5DF76CD4F /* CursorMonitor.swift */,
			);
			path = Monitors;
			sourceTree = "<group>";
		};
		10A9F2DBFDCB83825F5BF214 /* TrackNotchTests */ = {
			isa = PBXGroup;
			children = (
				8F5D57AF1A69990856D04B43 /* BudgetManagerTests.swift */,
				F8BFD8708F34AB389DF4AA6C /* NotchModeDetectionTests.swift */,
				7F039CEB87EA876288574015 /* NotchWindowGeometryTests.swift */,
				5019DA62456EB47F6DA0F562 /* ProviderModelsTests.swift */,
				3E5CAD933E95E643D7B3C986 /* ProviderRegistryLingerTests.swift */,
			);
			path = TrackNotchTests;
			sourceTree = "<group>";
		};
		125EB4385577A7A93ABAB12C /* Auth */ = {
			isa = PBXGroup;
			children = (
				FF4EA0210E889D874E7AAD5B /* ProviderAuthManager.swift */,
			);
			path = Auth;
			sourceTree = "<group>";
		};
		1E3E7BE93B26C794A7AC913F /* Products */ = {
			isa = PBXGroup;
			children = (
				D6928165FA886AE9AC9F9840 /* TrackNotch.app */,
				A7E0D8D29F8ED7870949B46E /* TrackNotchTests.xctest */,
			);
			name = Products;
			sourceTree = "<group>";
		};
		201B7FC6B2C20678C3FF6138 /* Display */ = {
			isa = PBXGroup;
			children = (
				9FC79ED473A294F3FB8035B2 /* DisplayCoordinator.swift */,
				E44917DBCCE4D9F1F41EA129 /* NotchMode.swift */,
			);
			path = Display;
			sourceTree = "<group>";
		};
		24AD271288B4D7EDC7DC597A /* Settings */ = {
			isa = PBXGroup;
			children = (
				FC6C26B0285405FE3889855E /* ProviderConnectionView.swift */,
				57F76FEE333C198E08C16DBA /* SettingsView.swift */,
			);
			path = Settings;
			sourceTree = "<group>";
		};
		2AA744AF89BF161B160CD367 /* Resources */ = {
			isa = PBXGroup;
			children = (
				7FAE47BF2589132EE5CF56E1 /* antigravity-mono.svg */,
				14BD1E1B5EA6315EACB1D4F9 /* Assets.xcassets */,
				31231A546DCEC33B5915CF2E /* claude-mono.svg */,
				865A3620C5748C7427B6A5DA /* codex-mono.svg */,
				4757D468E8CF3A2038BAE643 /* cursor-mono.svg */,
				74C7AE8194D2DF8058456605 /* google-mono.svg */,
				A06C7C6B4FFE85EEBB113D54 /* Info.plist */,
				E2F4BEC99C394A6002AB460C /* openai-mono.svg */,
				68C2E0093D64D1787090C569 /* TrackNotch.entitlements */,
			);
			path = Resources;
			sourceTree = "<group>";
		};
		2B18C7020FE4C23C5F2B02C1 /* TrackNotch */ = {
			isa = PBXGroup;
			children = (
				F82CD021E43F00C2021D404E /* AppDelegate.swift */,
				B9F42D366CC7C5118C77BCC7 /* TrackNotchApp.swift */,
				BF7124296430FD3F0A61F355 /* Core */,
				9AE3533864BADD684F8D2DA2 /* Models */,
				2AA744AF89BF161B160CD367 /* Resources */,
				59618E56D49C55A236D228CC /* Views */,
				72FE73A270ABD7CB0E50DEF5 /* Window */,
			);
			path = TrackNotch;
			sourceTree = "<group>";
		};
		35C5F3372B3F4F8C6672306E /* Logging */ = {
			isa = PBXGroup;
			children = (
				947105B77792F54DCE5B1B1F /* TNLog.swift */,
			);
			path = Logging;
			sourceTree = "<group>";
		};
		59618E56D49C55A236D228CC /* Views */ = {
			isa = PBXGroup;
			children = (
				9E86D0121B577E90BC533C55 /* Dropdown */,
				5CA347260F32B00E333D6CF3 /* Notch */,
				24AD271288B4D7EDC7DC597A /* Settings */,
				C6790AC06BBC657271851FEB /* Wing */,
			);
			path = Views;
			sourceTree = "<group>";
		};
		5CA347260F32B00E333D6CF3 /* Notch */ = {
			isa = PBXGroup;
			children = (
				8254991215916B3450702F67 /* DropdownFramePreference.swift */,
				595A7639BF25760362DFB470 /* ExternalMonitorView.swift */,
				1EFE822A17E2BCB71B37157A /* NotchGlowBorder.swift */,
				82FA93CC51E0FC3A5989882C /* NotchRootView.swift */,
				24077CCFB005D1BE14C4316C /* NotchShape.swift */,
			);
			path = Notch;
			sourceTree = "<group>";
		};
		5CBE33602A6C5513D1A1EE35 /* Providers */ = {
			isa = PBXGroup;
			children = (
				309F462F2671EBD28C2AF1B3 /* AnthropicUsageFetcher.swift */,
				532498744932436CCDCC4427 /* ClaudeRateLimitFetcher.swift */,
				501987241AF4B13BD9548CD5 /* OpenAIUsageFetcher.swift */,
				A1B2C3D4E5F60002 /* CodexUsageFetcher.swift */,
				8EC83C0935570F2F9444BB62 /* ProviderRegistry.swift */,
			);
			path = Providers;
			sourceTree = "<group>";
		};
		7031B2D6BCE5276A0D7017DA = {
			isa = PBXGroup;
			children = (
				2B18C7020FE4C23C5F2B02C1 /* TrackNotch */,
				10A9F2DBFDCB83825F5BF214 /* TrackNotchTests */,
				1E3E7BE93B26C794A7AC913F /* Products */,
			);
			sourceTree = "<group>";
		};
		72FE73A270ABD7CB0E50DEF5 /* Window */ = {
			isa = PBXGroup;
			children = (
				8693DC56EFB0C0F195B69726 /* ConnectionWindow.swift */,
				CE7D8D5DA89FE486ADF4B218 /* NotchWindow.swift */,
				3D10DA3D2E69CC73A6BBF7F3 /* PillGeometry.swift */,
			);
			path = Window;
			sourceTree = "<group>";
		};
		9AE3533864BADD684F8D2DA2 /* Models */ = {
			isa = PBXGroup;
			children = (
				AC4E59AC637E884E1C5C18C0 /* BudgetModels.swift */,
				0A1887D39548E5BA6421CCDE /* ProviderModels.swift */,
			);
			path = Models;
			sourceTree = "<group>";
		};
		9B22A399FC7802975C9B9E27 /* Menu */ = {
			isa = PBXGroup;
			children = (
				509550AE33EF92CFBCF1CC24 /* StatusMenuController.swift */,
			);
			path = Menu;
			sourceTree = "<group>";
		};
		9E86D0121B577E90BC533C55 /* Dropdown */ = {
			isa = PBXGroup;
			children = (
				0C0617F68D2C7576FCDC66B0 /* DropdownPanelView.swift */,
			);
			path = Dropdown;
			sourceTree = "<group>";
		};
		BF7124296430FD3F0A61F355 /* Core */ = {
			isa = PBXGroup;
			children = (
				BB9F4AA1881C4F377A8709B5 /* AppVersion.swift */,
				125EB4385577A7A93ABAB12C /* Auth */,
				201B7FC6B2C20678C3FF6138 /* Display */,
				35C5F3372B3F4F8C6672306E /* Logging */,
				9B22A399FC7802975C9B9E27 /* Menu */,
				04DC8FCC4D743E3EEDF01CC3 /* Monitors */,
				5CBE33602A6C5513D1A1EE35 /* Providers */,
				FEB549CECFB28A549F9D57E5 /* Settings */,
			);
			path = Core;
			sourceTree = "<group>";
		};
		C6790AC06BBC657271851FEB /* Wing */ = {
			isa = PBXGroup;
			children = (
				E39B8567D8CA8B1BC2120FF2 /* ArrowTickerView.swift */,
				9A2A3BFC73967367A942139C /* ProviderIconView.swift */,
			);
			path = Wing;
			sourceTree = "<group>";
		};
		FEB549CECFB28A549F9D57E5 /* Settings */ = {
			isa = PBXGroup;
			children = (
				72A0E19B59A2612ADE10BA1D /* AppSettings.swift */,
			);
			path = Settings;
			sourceTree = "<group>";
		};
/* End PBXGroup section */

/* Begin PBXNativeTarget section */
		378EF1FAA2475FF5DB429B5B /* TrackNotch */ = {
			isa = PBXNativeTarget;
			buildConfigurationList = 43E6A168E90E409C49A09910 /* Build configuration list for PBXNativeTarget "TrackNotch" */;
			buildPhases = (
				FFDD1CDCCAC69458590E7921 /* Sources */,
				D1CFD49D4A24ABD85981558D /* Resources */,
				6081125CEA5E181631930755 /* Frameworks */,
			);
			buildRules = (
			);
			dependencies = (
			);
			name = TrackNotch;
			packageProductDependencies = (
				EBCA01764657C499EF2D0F62 /* PhosphorSwift */,
			);
			productName = TrackNotch;
			productReference = D6928165FA886AE9AC9F9840 /* TrackNotch.app */;
			productType = "com.apple.product-type.application";
		};
		3DCBAB62C1FB1670628D6A20 /* TrackNotchTests */ = {
			isa = PBXNativeTarget;
			buildConfigurationList = 0B9C607C51C90DA9E653E0BC /* Build configuration list for PBXNativeTarget "TrackNotchTests" */;
			buildPhases = (
				4D8DF73B87438FD61DB52425 /* Sources */,
			);
			buildRules = (
			);
			dependencies = (
				2C910BF568F59DEA8BAE5A99 /* PBXTargetDependency */,
			);
			name = TrackNotchTests;
			packageProductDependencies = (
			);
			productName = TrackNotchTests;
			productReference = A7E0D8D29F8ED7870949B46E /* TrackNotchTests.xctest */;
			productType = "com.apple.product-type.bundle.unit-test";
		};
/* End PBXNativeTarget section */

/* Begin PBXProject section */
		E983E1B43FDB4683D0536621 /* Project object */ = {
			isa = PBXProject;
			attributes = {
				BuildIndependentTargetsInParallel = YES;
				LastUpgradeCheck = 1600;
				TargetAttributes = {
					378EF1FAA2475FF5DB429B5B = {
						DevelopmentTeam = "";
					};
					3DCBAB62C1FB1670628D6A20 = {
						DevelopmentTeam = "";
					};
				};
			};
			buildConfigurationList = EDFD82EF7A9D7855A085ACD0 /* Build configuration list for PBXProject "TrackNotch" */;
			developmentRegion = en;
			hasScannedForEncodings = 0;
			knownRegions = (
				Base,
				en,
			);
			mainGroup = 7031B2D6BCE5276A0D7017DA;
			minimizedProjectReferenceProxies = 1;
			packageReferences = (
				90CDBA93D6D489DB1481B269 /* XCRemoteSwiftPackageReference "swift" */,
			);
			preferredProjectObjectVersion = 77;
			productRefGroup = 1E3E7BE93B26C794A7AC913F /* Products */;
			projectDirPath = "";
			projectRoot = "";
			targets = (
				378EF1FAA2475FF5DB429B5B /* TrackNotch */,
				3DCBAB62C1FB1670628D6A20 /* TrackNotchTests */,
			);
		};
/* End PBXProject section */

/* Begin PBXResourcesBuildPhase section */
		D1CFD49D4A24ABD85981558D /* Resources */ = {
			isa = PBXResourcesBuildPhase;
			buildActionMask = 2147483647;
			files = (
				D3E7F27B8E569C2FA6AABB93 /* Assets.xcassets in Resources */,
				2EA02D5A4154EF147D96B3D3 /* antigravity-mono.svg in Resources */,
				83A0909B2C307FB33ED977A5 /* claude-mono.svg in Resources */,
				61932BFA2FC6C547E3DEF7D6 /* codex-mono.svg in Resources */,
				F8CC3A5E2066B70082AF5402 /* cursor-mono.svg in Resources */,
				8DDBE3044336697EEE1E383C /* google-mono.svg in Resources */,
				4E755B7A38A4C2B27AB9A053 /* openai-mono.svg in Resources */,
			);
			runOnlyForDeploymentPostprocessing = 0;
		};
/* End PBXResourcesBuildPhase section */

/* Begin PBXSourcesBuildPhase section */
		4D8DF73B87438FD61DB52425 /* Sources */ = {
			isa = PBXSourcesBuildPhase;
			buildActionMask = 2147483647;
			files = (
				D5449F940B5FDD239E8B6DF1 /* BudgetManagerTests.swift in Sources */,
				B6753A7D935991332A91869B /* NotchModeDetectionTests.swift in Sources */,
				1C57FE4BBC7ECAD7F6316532 /* NotchWindowGeometryTests.swift in Sources */,
				F1236A198448F5F3D2FE49A0 /* ProviderModelsTests.swift in Sources */,
				B4AA3CEB87060E70E1359A94 /* ProviderRegistryLingerTests.swift in Sources */,
			);
			runOnlyForDeploymentPostprocessing = 0;
		};
		FFDD1CDCCAC69458590E7921 /* Sources */ = {
			isa = PBXSourcesBuildPhase;
			buildActionMask = 2147483647;
			files = (
				8EBC2DC758848AD81AA0AEB8 /* AnthropicUsageFetcher.swift in Sources */,
				062B7F92613C3D752155D204 /* AntigravityMonitor.swift in Sources */,
				BDCA689234FDA1CC45CE07F4 /* AppDelegate.swift in Sources */,
				2A41C73411A10E868BB0CAC2 /* AppSettings.swift in Sources */,
				BA9E04A0BD693A18438E1E8D /* AppVersion.swift in Sources */,
				0456BBCF33A87C9BBDD2440A /* ArrowTickerView.swift in Sources */,
				4806074868848FEAE7DC5CE7 /* BudgetModels.swift in Sources */,
				214C0937CF2DD66F2DEE2803 /* ChatGPTDesktopMonitor.swift in Sources */,
				D4182E758C4643C5D4F8BDD9 /* ClaudeCodeMonitor.swift in Sources */,
				F078E36273F2441371AC03C5 /* ClaudeRateLimitFetcher.swift in Sources */,
				2368EE8520D4EC4D8ACAAF7A /* CodexMonitor.swift in Sources */,
				44D4DE071DE28D36818B4047 /* ConnectionWindow.swift in Sources */,
				4F12AED0BC9184B8913D56E2 /* CursorMonitor.swift in Sources */,
				E95F04690427E5D41DFF96BD /* DisplayCoordinator.swift in Sources */,
				962FFE94EB47695E0EFF53B0 /* DropdownFramePreference.swift in Sources */,
				D8D7E7F91B2F9D16B33ED5CB /* DropdownPanelView.swift in Sources */,
				BBDF7FFC819D31A1720689A9 /* ExternalMonitorView.swift in Sources */,
				2D1EC2A00FB93DE39431D8BE /* NotchGlowBorder.swift in Sources */,
				EB6725A39FB50A75D84F12F9 /* NotchMode.swift in Sources */,
				3D2D29DAC61AB2A1CB0029FD /* NotchRootView.swift in Sources */,
				CE1327848777DF5F805B223E /* NotchShape.swift in Sources */,
				60F71CA6A2E21ED3AABD8357 /* NotchWindow.swift in Sources */,
				04CC6DD0C379B18680622E17 /* OpenAIUsageFetcher.swift in Sources */,
				A1B2C3D4E5F60001 /* CodexUsageFetcher.swift in Sources */,
				BD620936B326771D126630CA /* PillGeometry.swift in Sources */,
				369ED1E392CCC9D70C9DABC1 /* ProviderAuthManager.swift in Sources */,
				E029ACA7B811DD9076B7CB38 /* ProviderConnectionView.swift in Sources */,
				B558FBBAC1232D5CAF74D57D /* ProviderIconView.swift in Sources */,
				0B3BE6F7AB8A744E42C05CEA /* ProviderModels.swift in Sources */,
				396E778C48EF1E900FD2DCB4 /* ProviderRegistry.swift in Sources */,
				BC6A915F378459C1F7421D84 /* SettingsView.swift in Sources */,
				21BC86263F4EE4522CB09799 /* StatusMenuController.swift in Sources */,
				DB81829EE51EE886125CAEA3 /* TNLog.swift in Sources */,
				852EA86C806542D9B8845984 /* TrackNotchApp.swift in Sources */,
			);
			runOnlyForDeploymentPostprocessing = 0;
		};
/* End PBXSourcesBuildPhase section */

/* Begin PBXTargetDependency section */
		2C910BF568F59DEA8BAE5A99 /* PBXTargetDependency */ = {
			isa = PBXTargetDependency;
			target = 378EF1FAA2475FF5DB429B5B /* TrackNotch */;
			targetProxy = 7B69DDA96E472662E3665F8E /* PBXContainerItemProxy */;
		};
/* End PBXTargetDependency section */

/* Begin XCBuildConfiguration section */
		4EC62EE75A994023847AC5D4 /* Release */ = {
			isa = XCBuildConfiguration;
			buildSettings = {
				ASSETCATALOG_COMPILER_APPICON_NAME = AppIcon;
				ASSETCATALOG_COMPILER_GLOBAL_ACCENT_COLOR_NAME = AccentColor;
				CODE_SIGN_ENTITLEMENTS = TrackNotch/Resources/TrackNotch.entitlements;
				COMBINE_HIDPI_IMAGES = YES;
				ENABLE_TESTABILITY = YES;
				INFOPLIST_FILE = TrackNotch/Resources/Info.plist;
				LD_RUNPATH_SEARCH_PATHS = (
					"$(inherited)",
					"@executable_path/../Frameworks",
				);
				MACOSX_DEPLOYMENT_TARGET = 13.0;
				PRODUCT_BUNDLE_IDENTIFIER = com.tracknotch.app;
				PRODUCT_NAME = TrackNotch;
				SDKROOT = macosx;
			};
			name = Release;
		};
		5285C974E9E62C33C86DA4F7 /* Debug */ = {
			isa = XCBuildConfiguration;
			buildSettings = {
				BUNDLE_LOADER = "$(TEST_HOST)";
				COMBINE_HIDPI_IMAGES = YES;
				GENERATE_INFOPLIST_FILE = YES;
				LD_RUNPATH_SEARCH_PATHS = (
					"$(inherited)",
					"@executable_path/../Frameworks",
					"@loader_path/../Frameworks",
				);
				MACOSX_DEPLOYMENT_TARGET = 13.0;
				PRODUCT_BUNDLE_IDENTIFIER = com.tracknotch.app.tests;
				SDKROOT = macosx;
				TEST_HOST = "$(BUILT_PRODUCTS_DIR)/TrackNotch.app/Contents/MacOS/TrackNotch";
			};
			name = Debug;
		};
		7EE8EC2D50E9FFA3D766DE8B /* Debug */ = {
			isa = XCBuildConfiguration;
			buildSettings = {
				ALWAYS_SEARCH_USER_PATHS = NO;
				CLANG_ANALYZER_NONNULL = YES;
				CLANG_ANALYZER_NUMBER_OBJECT_CONVERSION = YES_AGGRESSIVE;
				CLANG_CXX_LANGUAGE_STANDARD = "gnu++14";
				CLANG_CXX_LIBRARY = "libc++";
				CLANG_ENABLE_MODULES = YES;
				CLANG_ENABLE_OBJC_ARC = YES;
				CLANG_ENABLE_OBJC_WEAK = YES;
				CLANG_WARN_BLOCK_CAPTURE_AUTORELEASING = YES;
				CLANG_WARN_BOOL_CONVERSION = YES;
				CLANG_WARN_COMMA = YES;
				CLANG_WARN_CONSTANT_CONVERSION = YES;
				CLANG_WARN_DEPRECATED_OBJC_IMPLEMENTATIONS = YES;
				CLANG_WARN_DIRECT_OBJC_ISA_USAGE = YES_ERROR;
				CLANG_WARN_DOCUMENTATION_COMMENTS = YES;
				CLANG_WARN_EMPTY_BODY = YES;
				CLANG_WARN_ENUM_CONVERSION = YES;
				CLANG_WARN_INFINITE_RECURSION = YES;
				CLANG_WARN_INT_CONVERSION = YES;
				CLANG_WARN_NON_LITERAL_NULL_CONVERSION = YES;
				CLANG_WARN_OBJC_IMPLICIT_RETAIN_SELF = YES;
				CLANG_WARN_OBJC_LITERAL_CONVERSION = YES;
				CLANG_WARN_OBJC_ROOT_CLASS = YES_ERROR;
				CLANG_WARN_QUOTED_INCLUDE_IN_FRAMEWORK_HEADER = YES;
				CLANG_WARN_RANGE_LOOP_ANALYSIS = YES;
				CLANG_WARN_STRICT_PROTOTYPES = YES;
				CLANG_WARN_SUSPICIOUS_MOVE = YES;
				CLANG_WARN_UNGUARDED_AVAILABILITY = YES_AGGRESSIVE;
				CLANG_WARN_UNREACHABLE_CODE = YES;
				CLANG_WARN__DUPLICATE_METHOD_MATCH = YES;
				CODE_SIGN_IDENTITY = "-";
				CODE_SIGN_STYLE = Manual;
				COPY_PHASE_STRIP = NO;
				DEBUG_INFORMATION_FORMAT = dwarf;
				DEVELOPMENT_TEAM = "";
				ENABLE_STRICT_OBJC_MSGSEND = YES;
				ENABLE_TESTABILITY = YES;
				GCC_C_LANGUAGE_STANDARD = gnu11;
				GCC_DYNAMIC_NO_PIC = NO;
				GCC_NO_COMMON_BLOCKS = YES;
				GCC_OPTIMIZATION_LEVEL = 0;
				GCC_PREPROCESSOR_DEFINITIONS = (
					"$(inherited)",
					"DEBUG=1",
				);
				GCC_WARN_64_TO_32_BIT_CONVERSION = YES;
				GCC_WARN_ABOUT_RETURN_TYPE = YES_ERROR;
				GCC_WARN_UNDECLARED_SELECTOR = YES;
				GCC_WARN_UNINITIALIZED_AUTOS = YES_AGGRESSIVE;
				GCC_WARN_UNUSED_FUNCTION = YES;
				GCC_WARN_UNUSED_VARIABLE = YES;
				MACOSX_DEPLOYMENT_TARGET = 13.0;
				MTL_ENABLE_DEBUG_INFO = INCLUDE_SOURCE;
				MTL_FAST_MATH = YES;
				ONLY_ACTIVE_ARCH = YES;
				PRODUCT_NAME = "$(TARGET_NAME)";
				SDKROOT = macosx;
				SWIFT_ACTIVE_COMPILATION_CONDITIONS = DEBUG;
				SWIFT_OPTIMIZATION_LEVEL = "-Onone";
				SWIFT_VERSION = 5.9;
			};
			name = Debug;
		};
		975978826763AC60DBA0F000 /* Release */ = {
			isa = XCBuildConfiguration;
			buildSettings = {
				BUNDLE_LOADER = "$(TEST_HOST)";
				COMBINE_HIDPI_IMAGES = YES;
				GENERATE_INFOPLIST_FILE = YES;
				LD_RUNPATH_SEARCH_PATHS = (
					"$(inherited)",
					"@executable_path/../Frameworks",
					"@loader_path/../Frameworks",
				);
				MACOSX_DEPLOYMENT_TARGET = 13.0;
				PRODUCT_BUNDLE_IDENTIFIER = com.tracknotch.app.tests;
				SDKROOT = macosx;
				TEST_HOST = "$(BUILT_PRODUCTS_DIR)/TrackNotch.app/Contents/MacOS/TrackNotch";
			};
			name = Release;
		};
		9C32BC6B1897DC9AAEBCEFAE /* Debug */ = {
			isa = XCBuildConfiguration;
			buildSettings = {
				ASSETCATALOG_COMPILER_APPICON_NAME = AppIcon;
				ASSETCATALOG_COMPILER_GLOBAL_ACCENT_COLOR_NAME = AccentColor;
				CODE_SIGN_ENTITLEMENTS = TrackNotch/Resources/TrackNotch.entitlements;
				COMBINE_HIDPI_IMAGES = YES;
				ENABLE_TESTABILITY = YES;
				INFOPLIST_FILE = TrackNotch/Resources/Info.plist;
				LD_RUNPATH_SEARCH_PATHS = (
					"$(inherited)",
					"@executable_path/../Frameworks",
				);
				MACOSX_DEPLOYMENT_TARGET = 13.0;
				PRODUCT_BUNDLE_IDENTIFIER = com.tracknotch.app;
				PRODUCT_NAME = TrackNotch;
				SDKROOT = macosx;
			};
			name = Debug;
		};
		A4C65D6241F9574475B6DB24 /* Release */ = {
			isa = XCBuildConfiguration;
			buildSettings = {
				ALWAYS_SEARCH_USER_PATHS = NO;
				CLANG_ANALYZER_NONNULL = YES;
				CLANG_ANALYZER_NUMBER_OBJECT_CONVERSION = YES_AGGRESSIVE;
				CLANG_CXX_LANGUAGE_STANDARD = "gnu++14";
				CLANG_CXX_LIBRARY = "libc++";
				CLANG_ENABLE_MODULES = YES;
				CLANG_ENABLE_OBJC_ARC = YES;
				CLANG_ENABLE_OBJC_WEAK = YES;
				CLANG_WARN_BLOCK_CAPTURE_AUTORELEASING = YES;
				CLANG_WARN_BOOL_CONVERSION = YES;
				CLANG_WARN_COMMA = YES;
				CLANG_WARN_CONSTANT_CONVERSION = YES;
				CLANG_WARN_DEPRECATED_OBJC_IMPLEMENTATIONS = YES;
				CLANG_WARN_DIRECT_OBJC_ISA_USAGE = YES_ERROR;
				CLANG_WARN_DOCUMENTATION_COMMENTS = YES;
				CLANG_WARN_EMPTY_BODY = YES;
				CLANG_WARN_ENUM_CONVERSION = YES;
				CLANG_WARN_INFINITE_RECURSION = YES;
				CLANG_WARN_INT_CONVERSION = YES;
				CLANG_WARN_NON_LITERAL_NULL_CONVERSION = YES;
				CLANG_WARN_OBJC_IMPLICIT_RETAIN_SELF = YES;
				CLANG_WARN_OBJC_LITERAL_CONVERSION = YES;
				CLANG_WARN_OBJC_ROOT_CLASS = YES_ERROR;
				CLANG_WARN_QUOTED_INCLUDE_IN_FRAMEWORK_HEADER = YES;
				CLANG_WARN_RANGE_LOOP_ANALYSIS = YES;
				CLANG_WARN_STRICT_PROTOTYPES = YES;
				CLANG_WARN_SUSPICIOUS_MOVE = YES;
				CLANG_WARN_UNGUARDED_AVAILABILITY = YES_AGGRESSIVE;
				CLANG_WARN_UNREACHABLE_CODE = YES;
				CLANG_WARN__DUPLICATE_METHOD_MATCH = YES;
				CODE_SIGN_IDENTITY = "-";
				CODE_SIGN_STYLE = Manual;
				COPY_PHASE_STRIP = NO;
				DEBUG_INFORMATION_FORMAT = "dwarf-with-dsym";
				DEVELOPMENT_TEAM = "";
				ENABLE_NS_ASSERTIONS = NO;
				ENABLE_STRICT_OBJC_MSGSEND = YES;
				GCC_C_LANGUAGE_STANDARD = gnu11;
				GCC_NO_COMMON_BLOCKS = YES;
				GCC_WARN_64_TO_32_BIT_CONVERSION = YES;
				GCC_WARN_ABOUT_RETURN_TYPE = YES_ERROR;
				GCC_WARN_UNDECLARED_SELECTOR = YES;
				GCC_WARN_UNINITIALIZED_AUTOS = YES_AGGRESSIVE;
				GCC_WARN_UNUSED_FUNCTION = YES;
				GCC_WARN_UNUSED_VARIABLE = YES;
				MACOSX_DEPLOYMENT_TARGET = 13.0;
				MTL_ENABLE_DEBUG_INFO = NO;
				MTL_FAST_MATH = YES;
				PRODUCT_NAME = "$(TARGET_NAME)";
				SDKROOT = macosx;
				SWIFT_COMPILATION_MODE = wholemodule;
				SWIFT_OPTIMIZATION_LEVEL = "-O";
				SWIFT_VERSION = 5.9;
			};
			name = Release;
		};
/* End XCBuildConfiguration section */

/* Begin XCConfigurationList section */
		0B9C607C51C90DA9E653E0BC /* Build configuration list for PBXNativeTarget "TrackNotchTests" */ = {
			isa = XCConfigurationList;
			buildConfigurations = (
				5285C974E9E62C33C86DA4F7 /* Debug */,
				975978826763AC60DBA0F000 /* Release */,
			);
			defaultConfigurationIsVisible = 0;
			defaultConfigurationName = Debug;
		};
		43E6A168E90E409C49A09910 /* Build configuration list for PBXNativeTarget "TrackNotch" */ = {
			isa = XCConfigurationList;
			buildConfigurations = (
				9C32BC6B1897DC9AAEBCEFAE /* Debug */,
				4EC62EE75A994023847AC5D4 /* Release */,
			);
			defaultConfigurationIsVisible = 0;
			defaultConfigurationName = Debug;
		};
		EDFD82EF7A9D7855A085ACD0 /* Build configuration list for PBXProject "TrackNotch" */ = {
			isa = XCConfigurationList;
			buildConfigurations = (
				7EE8EC2D50E9FFA3D766DE8B /* Debug */,
				A4C65D6241F9574475B6DB24 /* Release */,
			);
			defaultConfigurationIsVisible = 0;
			defaultConfigurationName = Debug;
		};
/* End XCConfigurationList section */

/* Begin XCRemoteSwiftPackageReference section */
		90CDBA93D6D489DB1481B269 /* XCRemoteSwiftPackageReference "swift" */ = {
			isa = XCRemoteSwiftPackageReference;
			repositoryURL = "https://github.com/phosphor-icons/swift";
			requirement = {
				kind = upToNextMajorVersion;
				minimumVersion = 2.1.0;
			};
		};
/* End XCRemoteSwiftPackageReference section */

/* Begin XCSwiftPackageProductDependency section */
		EBCA01764657C499EF2D0F62 /* PhosphorSwift */ = {
			isa = XCSwiftPackageProductDependency;
			package = 90CDBA93D6D489DB1481B269 /* XCRemoteSwiftPackageReference "swift" */;
			productName = PhosphorSwift;
		};
/* End XCSwiftPackageProductDependency section */
	};
	rootObject = E983E1B43FDB4683D0536621 /* Project object */;
}
